
Microsoft Visual Studio Solution File, Format Version 12.00
# Visual Studio Version 17
VisualStudioVersion = 17.9.34728.123
MinimumVisualStudioVersion = 10.0.40219.1
Project("{FAE04EC0-301F-11D3-BF4B-00C04F79EFBC}") = "DeployEx", "DeployEx\DeployEx.csproj", "{AC13295A-9BAE-48E5-95FF-C42A25B51C01}"
EndProject
Global
	GlobalSection(SolutionConfigurationPlatforms) = preSolution
		Debug|Any CPU = Debug|Any CPU
		Release|Any CPU = Release|Any CPU
	EndGlobalSection
	GlobalSection(ProjectConfigurationPlatforms) = postSolution
		{AC13295A-9BAE-48E5-95FF-C42A25B51C01}.Debug|Any CPU.ActiveCfg = Debug|Any CPU
		{AC13295A-9BAE-48E5-95FF-C42A25B51C01}.Debug|Any CPU.Build.0 = Debug|Any CPU
		{AC13295A-9BAE-48E5-95FF-C42A25B51C01}.Release|Any CPU.ActiveCfg = Release|Any CPU
		{AC13295A-9BAE-48E5-95FF-C42A25B51C01}.Release|Any CPU.Build.0 = Release|Any CPU
	EndGlobalSection
	GlobalSection(SolutionProperties) = preSolution
		HideSolutionNode = FALSE
	EndGlobalSection
	GlobalSection(ExtensibilityGlobals) = postSolution
		SolutionGuid = {42A09CB8-ECE0-4E85-8128-6757188D4E16}
	EndGlobalSection
EndGlobal
